
Microsoft Visual Studio Solution File, Format Version 12.00
# Visual Studio Version 16
VisualStudioVersion = 16.0.31729.503
MinimumVisualStudioVersion = 10.0.40219.1
Project("{FAE04EC0-301F-11D3-BF4B-00C04F79EFBC}") = "RPN", "RPN\RPN.csproj", "{83EF87BB-7B74-4DA2-A08F-0E139831BD5A}"
EndProject
Global
	GlobalSection(SolutionConfigurationPlatforms) = preSolution
		Debug|Any CPU = Debug|Any CPU
		Release|Any CPU = Release|Any CPU
	EndGlobalSection
	GlobalSection(ProjectConfigurationPlatforms) = postSolution
		{83EF87BB-7B74-4DA2-A08F-0E139831BD5A}.Debug|Any CPU.ActiveCfg = Debug|Any CPU
		{83EF87BB-7B74-4DA2-A08F-0E139831BD5A}.Debug|Any CPU.Build.0 = Debug|Any CPU
		{83EF87BB-7B74-4DA2-A08F-0E139831BD5A}.Release|Any CPU.ActiveCfg = Release|Any CPU
		{83EF87BB-7B74-4DA2-A08F-0E139831BD5A}.Release|Any CPU.Build.0 = Release|Any CPU
	EndGlobalSection
	GlobalSection(SolutionProperties) = preSolution
		HideSolutionNode = FALSE
	EndGlobalSection
	GlobalSection(ExtensibilityGlobals) = postSolution
		SolutionGuid = {CA41D365-6221-44FA-AF59-79FE358AF4BA}
	EndGlobalSection
EndGlobal
